// !$*UTF8*$!
{
	archiveVersion = 1;
	classes = {
	};
	objectVersion = 52;
	objects = {

/* Begin PBXBuildFile section */
		033F8737256D8003008DE77B /* main.swift in Sources */ = {isa = PBXBuildFile; fileRef = 033F8736256D8003008DE77B /* main.swift */; };
		033F8742256D80C3008DE77B /* network.swift in Sources */ = {isa = PBXBuildFile; fileRef = 033F8741256D80C3008DE77B /* network.swift */; };
		033F8745256D80DC008DE77B /* image.swift in Sources */ = {isa = PBXBuildFile; fileRef = 033F8744256D80DC008DE77B /* image.swift */; };
		033F8749256D8991008DE77B /* Alamofire in Frameworks */ = {isa = PBXBuildFile; productRef = 033F8748256D8991008DE77B /* Alamofire */; };
		A5D37D8F9A965FAC3B78457F /* Pods_commandLine.framework in Frameworks */ = {isa = PBXBuildFile; fileRef = A1EADB831569E234A1E76533 /* Pods_commandLine.framework */; };
/* End PBXBuildFile section */

/* Begin PBXCopyFilesBuildPhase section */
		033F8731256D8003008DE77B /* CopyFiles */ = {
			isa = PBXCopyFilesBuildPhase;
			buildActionMask = 2147483647;
			dstPath = /usr/share/man/man1/;
			dstSubfolderSpec = 0;
			files = (
			);
			runOnlyForDeploymentPostprocessing = 1;
		};
/* End PBXCopyFilesBuildPhase section */

/* Begin PBXFileReference section */
		033F8733256D8003008DE77B /* commandLine */ = {isa = PBXFileReference; explicitFileType = "compiled.mach-o.executable"; includeInIndex = 0; path = commandLine; sourceTree = BUILT_PRODUCTS_DIR; };
		033F8736256D8003008DE77B /* main.swift */ = {isa = PBXFileReference; lastKnownFileType = sourcecode.swift; path = main.swift; sourceTree = "<group>"; };
		033F8741256D80C3008DE77B /* network.swift */ = {isa = PBXFileReference; lastKnownFileType = sourcecode.swift; path = network.swift; sourceTree = "<group>"; };
		033F8744256D80DC008DE77B /* image.swift */ = {isa = PBXFileReference; lastKnownFileType = sourcecode.swift; path = image.swift; sourceTree = "<group>"; };
		4BE9F737CBEF042EE7EC3DDC /* Pods-commandLine.release.xcconfig */ = {isa = PBXFileReference; includeInIndex = 1; lastKnownFileType = text.xcconfig; name = "Pods-commandLine.release.xcconfig"; path = "Target Support Files/Pods-commandLine/Pods-commandLine.release.xcconfig"; sourceTree = "<group>"; };
		A1EADB831569E234A1E76533 /* Pods_commandLine.framework */ = {isa = PBXFileReference; explicitFileType = wrapper.framework; includeInIndex = 0; path = Pods_commandLine.framework; sourceTree = BUILT_PRODUCTS_DIR; };
		FCDCC710302FBD3E9AF5408D /* Pods-commandLine.debug.xcconfig */ = {isa = PBXFileReference; includeInIndex = 1; lastKnownFileType = text.xcconfig; name = "Pods-commandLine.debug.xcconfig"; path = "Target Support Files/Pods-commandLine/Pods-commandLine.debug.xcconfig"; sourceTree = "<group>"; };
/* End PBXFileReference section */

/* Begin PBXFrameworksBuildPhase section */
		033F8730256D8003008DE77B /* Frameworks */ = {
			isa = PBXFrameworksBuildPhase;
			buildActionMask = 2147483647;
			files = (
				A5D37D8F9A965FAC3B78457F /* Pods_commandLine.framework in Frameworks */,
				033F8749256D8991008DE77B /* Alamofire in Frameworks */,
			);
			runOnlyForDeploymentPostprocessing = 0;
		};
/* End PBXFrameworksBuildPhase section */

/* Begin PBXGroup section */
		033F872A256D8003008DE77B = {
			isa = PBXGroup;
			children = (
				033F8735256D8003008DE77B /* commandLine */,
				033F8734256D8003008DE77B /* Products */,
				41251550E2C10C49EED15345 /* Pods */,
				78E35C2276FCA072346EF61F /* Frameworks */,
			);
			sourceTree = "<group>";
		};
		033F8734256D8003008DE77B /* Products */ = {
			isa = PBXGroup;
			children = (
				033F8733256D8003008DE77B /* commandLine */,
			);
			name = Products;
			sourceTree = "<group>";
		};
		033F8735256D8003008DE77B /* commandLine */ = {
			isa = PBXGroup;
			children = (
				033F8736256D8003008DE77B /* main.swift */,
				033F8741256D80C3008DE77B /* network.swift */,
				033F8744256D80DC008DE77B /* image.swift */,
			);
			path = commandLine;
			sourceTree = "<group>";
		};
		41251550E2C10C49EED15345 /* Pods */ = {
			isa = PBXGroup;
			children = (
				FCDCC710302FBD3E9AF5408D /* Pods-commandLine.debug.xcconfig */,
				4BE9F737CBEF042EE7EC3DDC /* Pods-commandLine.release.xcconfig */,
			);
			path = Pods;
			sourceTree = "<group>";
		};
		78E35C2276FCA072346EF61F /* Frameworks */ = {
			isa = PBXGroup;
			children = (
				A1EADB831569E234A1E76533 /* Pods_commandLine.framework */,
			);
			name = Frameworks;
			sourceTree = "<group>";
		};
/* End PBXGroup section */

/* Begin PBXNativeTarget section */
		033F8732256D8003008DE77B /* commandLine */ = {
			isa = PBXNativeTarget;
			buildConfigurationList = 033F873A256D8003008DE77B /* Build configuration list for PBXNativeTarget "commandLine" */;
			buildPhases = (
				D6BA8B655E078DB24149AEE9 /* [CP] Check Pods Manifest.lock */,
				033F872F256D8003008DE77B /* Sources */,
				033F8730256D8003008DE77B /* Frameworks */,
				033F8731256D8003008DE77B /* CopyFiles */,
			);
			buildRules = (
			);
			dependencies = (
			);
			name = commandLine;
			packageProductDependencies = (
				033F8748256D8991008DE77B /* Alamofire */,
			);
			productName = commandLine;
			productReference = 033F8733256D8003008DE77B /* commandLine */;
			productType = "com.apple.product-type.tool";
		};
/* End PBXNativeTarget section */

/* Begin PBXProject section */
		033F872B256D8003008DE77B /* Project object */ = {
			isa = PBXProject;
			attributes = {
				LastSwiftUpdateCheck = 1220;
				LastUpgradeCheck = 1220;
				TargetAttributes = {
					033F8732256D8003008DE77B = {
						CreatedOnToolsVersion = 12.2;
					};
				};
			};
			buildConfigurationList = 033F872E256D8003008DE77B /* Build configuration list for PBXProject "commandLine" */;
			compatibilityVersion = "Xcode 9.3";
			developmentRegion = en;
			hasScannedForEncodings = 0;
			knownRegions = (
				en,
				Base,
			);
			mainGroup = 033F872A256D8003008DE77B;
			packageReferences = (
				033F8747256D8991008DE77B /* XCRemoteSwiftPackageReference "Alamofire" */,
			);
			productRefGroup = 033F8734256D8003008DE77B /* Products */;
			projectDirPath = "";
			projectRoot = "";
			targets = (
				033F8732256D8003008DE77B /* commandLine */,
			);
		};
/* End PBXProject section */

/* Begin PBXShellScriptBuildPhase section */
		D6BA8B655E078DB24149AEE9 /* [CP] Check Pods Manifest.lock */ = {
			isa = PBXShellScriptBuildPhase;
			buildActionMask = 2147483647;
			files = (
			);
			inputFileListPaths = (
			);
			inputPaths = (
				"${PODS_PODFILE_DIR_PATH}/Podfile.lock",
				"${PODS_ROOT}/Manifest.lock",
			);
			name = "[CP] Check Pods Manifest.lock";
			outputFileListPaths = (
			);
			outputPaths = (
				"$(DERIVED_FILE_DIR)/Pods-commandLine-checkManifestLockResult.txt",
			);
			runOnlyForDeploymentPostprocessing = 0;
			shellPath = /bin/sh;
			shellScript = "diff \"${PODS_PODFILE_DIR_PATH}/Podfile.lock\" \"${PODS_ROOT}/Manifest.lock\" > /dev/null\nif [ $? != 0 ] ; then\n    # print error to STDERR\n    echo \"error: The sandbox is not in sync with the Podfile.lock. Run 'pod install' or update your CocoaPods installation.\" >&2\n    exit 1\nfi\n# This output is used by Xcode 'outputs' to avoid re-running this script phase.\necho \"SUCCESS\" > \"${SCRIPT_OUTPUT_FILE_0}\"\n";
			showEnvVarsInLog = 0;
		};
/* End PBXShellScriptBuildPhase section */

/* Begin PBXSourcesBuildPhase section */
		033F872F256D8003008DE77B /* Sources */ = {
			isa = PBXSourcesBuildPhase;
			buildActionMask = 2147483647;
			files = (
				033F8742256D80C3008DE77B /* network.swift in Sources */,
				033F8737256D8003008DE77B /* main.swift in Sources */,
				033F8745256D80DC008DE77B /* image.swift in Sources */,
			);
			runOnlyForDeploymentPostprocessing = 0;
		};
/* End PBXSourcesBuildPhase section */

/* Begin XCBuildConfiguration section */
		033F8738256D8003008DE77B /* Debug */ = {
			isa = XCBuildConfiguration;
			buildSettings = {
				ALWAYS_SEARCH_USER_PATHS = NO;
				CLANG_ANALYZER_NONNULL = YES;
				CLANG_ANALYZER_NUMBER_OBJECT_CONVERSION = YES_AGGRESSIVE;
				CLANG_CXX_LANGUAGE_STANDARD = "gnu++14";
				CLANG_CXX_LIBRARY = "libc++";
				CLANG_ENABLE_MODULES = YES;
				CLANG_ENABLE_OBJC_ARC = YES;
				CLANG_ENABLE_OBJC_WEAK = YES;
				CLANG_WARN_BLOCK_CAPTURE_AUTORELEASING = YES;
				CLANG_WARN_BOOL_CONVERSION = YES;
				CLANG_WARN_COMMA = YES;
				CLANG_WARN_CONSTANT_CONVERSION = YES;
				CLANG_WARN_DEPRECATED_OBJC_IMPLEMENTATIONS = YES;
				CLANG_WARN_DIRECT_OBJC_ISA_USAGE = YES_ERROR;
				CLANG_WARN_DOCUMENTATION_COMMENTS = YES;
				CLANG_WARN_EMPTY_BODY = YES;
				CLANG_WARN_ENUM_CONVERSION = YES;
				CLANG_WARN_INFINITE_RECURSION = YES;
				CLANG_WARN_INT_CONVERSION = YES;
				CLANG_WARN_NON_LITERAL_NULL_CONVERSION = YES;
				CLANG_WARN_OBJC_IMPLICIT_RETAIN_SELF = YES;
				CLANG_WARN_OBJC_LITERAL_CONVERSION = YES;
				CLANG_WARN_OBJC_ROOT_CLASS = YES_ERROR;
				CLANG_WARN_QUOTED_INCLUDE_IN_FRAMEWORK_HEADER = YES;
				CLANG_WARN_RANGE_LOOP_ANALYSIS = YES;
				CLANG_WARN_STRICT_PROTOTYPES = YES;
				CLANG_WARN_SUSPICIOUS_MOVE = YES;
				CLANG_WARN_UNGUARDED_AVAILABILITY = YES_AGGRESSIVE;
				CLANG_WARN_UNREACHABLE_CODE = YES;
				CLANG_WARN__DUPLICATE_METHOD_MATCH = YES;
				COPY_PHASE_STRIP = NO;
				DEBUG_INFORMATION_FORMAT = dwarf;
				ENABLE_STRICT_OBJC_MSGSEND = YES;
				ENABLE_TESTABILITY = YES;
				GCC_C_LANGUAGE_STANDARD = gnu11;
				GCC_DYNAMIC_NO_PIC = NO;
				GCC_NO_COMMON_BLOCKS = YES;
				GCC_OPTIMIZATION_LEVEL = 0;
				GCC_PREPROCESSOR_DEFINITIONS = (
					"DEBUG=1",
					"$(inherited)",
				);
				GCC_WARN_64_TO_32_BIT_CONVERSION = YES;
				GCC_WARN_ABOUT_RETURN_TYPE = YES_ERROR;
				GCC_WARN_UNDECLARED_SELECTOR = YES;
				GCC_WARN_UNINITIALIZED_AUTOS = YES_AGGRESSIVE;
				GCC_WARN_UNUSED_FUNCTION = YES;
				GCC_WARN_UNUSED_VARIABLE = YES;
				MACOSX_DEPLOYMENT_TARGET = 11.0;
				MTL_ENABLE_DEBUG_INFO = INCLUDE_SOURCE;
				MTL_FAST_MATH = YES;
				ONLY_ACTIVE_ARCH = YES;
				SDKROOT = macosx;
				SWIFT_ACTIVE_COMPILATION_CONDITIONS = DEBUG;
				SWIFT_OPTIMIZATION_LEVEL = "-Onone";
			};
			name = Debug;
		};
		033F8739256D8003008DE77B /* Release */ = {
			isa = XCBuildConfiguration;
			buildSettings = {
				ALWAYS_SEARCH_USER_PATHS = NO;
				CLANG_ANALYZER_NONNULL = YES;
				CLANG_ANALYZER_NUMBER_OBJECT_CONVERSION = YES_AGGRESSIVE;
				CLANG_CXX_LANGUAGE_STANDARD = "gnu++14";
				CLANG_CXX_LIBRARY = "libc++";
				CLANG_ENABLE_MODULES = YES;
				CLANG_ENABLE_OBJC_ARC = YES;
				CLANG_ENABLE_OBJC_WEAK = YES;
				CLANG_WARN_BLOCK_CAPTURE_AUTORELEASING = YES;
				CLANG_WARN_BOOL_CONVERSION = YES;
				CLANG_WARN_COMMA = YES;
				CLANG_WARN_CONSTANT_CONVERSION = YES;
				CLANG_WARN_DEPRECATED_OBJC_IMPLEMENTATIONS = YES;
				CLANG_WARN_DIRECT_OBJC_ISA_USAGE = YES_ERROR;
				CLANG_WARN_DOCUMENTATION_COMMENTS = YES;
				CLANG_WARN_EMPTY_BODY = YES;
				CLANG_WARN_ENUM_CONVERSION = YES;
				CLANG_WARN_INFINITE_RECURSION = YES;
				CLANG_WARN_INT_CONVERSION = YES;
				CLANG_WARN_NON_LITERAL_NULL_CONVERSION = YES;
				CLANG_WARN_OBJC_IMPLICIT_RETAIN_SELF = YES;
				CLANG_WARN_OBJC_LITERAL_CONVERSION = YES;
				CLANG_WARN_OBJC_ROOT_CLASS = YES_ERROR;
				CLANG_WARN_QUOTED_INCLUDE_IN_FRAMEWORK_HEADER = YES;
				CLANG_WARN_RANGE_LOOP_ANALYSIS = YES;
				CLANG_WARN_STRICT_PROTOTYPES = YES;
				CLANG_WARN_SUSPICIOUS_MOVE = YES;
				CLANG_WARN_UNGUARDED_AVAILABILITY = YES_AGGRESSIVE;
				CLANG_WARN_UNREACHABLE_CODE = YES;
				CLANG_WARN__DUPLICATE_METHOD_MATCH = YES;
				COPY_PHASE_STRIP = NO;
				DEBUG_INFORMATION_FORMAT = "dwarf-with-dsym";
				ENABLE_NS_ASSERTIONS = NO;
				ENABLE_STRICT_OBJC_MSGSEND = YES;
				GCC_C_LANGUAGE_STANDARD = gnu11;
				GCC_NO_COMMON_BLOCKS = YES;
				GCC_WARN_64_TO_32_BIT_CONVERSION = YES;
				GCC_WARN_ABOUT_RETURN_TYPE = YES_ERROR;
				GCC_WARN_UNDECLARED_SELECTOR = YES;
				GCC_WARN_UNINITIALIZED_AUTOS = YES_AGGRESSIVE;
				GCC_WARN_UNUSED_FUNCTION = YES;
				GCC_WARN_UNUSED_VARIABLE = YES;
				MACOSX_DEPLOYMENT_TARGET = 11.0;
				MTL_ENABLE_DEBUG_INFO = NO;
				MTL_FAST_MATH = YES;
				SDKROOT = macosx;
				SWIFT_COMPILATION_MODE = wholemodule;
				SWIFT_OPTIMIZATION_LEVEL = "-O";
			};
			name = Release;
		};
		033F873B256D8003008DE77B /* Debug */ = {
			isa = XCBuildConfiguration;
			baseConfigurationReference = FCDCC710302FBD3E9AF5408D /* Pods-commandLine.debug.xcconfig */;
			buildSettings = {
				CODE_SIGN_STYLE = Automatic;
				DEVELOPMENT_TEAM = KRJ3VT33GB;
				ENABLE_HARDENED_RUNTIME = YES;
				PRODUCT_NAME = "$(TARGET_NAME)";
				SWIFT_VERSION = 5.0;
			};
			name = Debug;
		};
		033F873C256D8003008DE77B /* Release */ = {
			isa = XCBuildConfiguration;
			baseConfigurationReference = 4BE9F737CBEF042EE7EC3DDC /* Pods-commandLine.release.xcconfig */;
			buildSettings = {
				CODE_SIGN_STYLE = Automatic;
				DEVELOPMENT_TEAM = KRJ3VT33GB;
				ENABLE_HARDENED_RUNTIME = YES;
				PRODUCT_NAME = "$(TARGET_NAME)";
				SWIFT_VERSION = 5.0;
			};
			name = Release;
		};
/* End XCBuildConfiguration section */

/* Begin XCConfigurationList section */
		033F872E256D8003008DE77B /* Build configuration list for PBXProject "commandLine" */ = {
			isa = XCConfigurationList;
			buildConfigurations = (
				033F8738256D8003008DE77B /* Debug */,
				033F8739256D8003008DE77B /* Release */,
			);
			defaultConfigurationIsVisible = 0;
			defaultConfigurationName = Release;
		};
		033F873A256D8003008DE77B /* Build configuration list for PBXNativeTarget "commandLine" */ = {
			isa = XCConfigurationList;
			buildConfigurations = (
				033F873B256D8003008DE77B /* Debug */,
				033F873C256D8003008DE77B /* Release */,
			);
			defaultConfigurationIsVisible = 0;
			defaultConfigurationName = Release;
		};
/* End XCConfigurationList section */

/* Begin XCRemoteSwiftPackageReference section */
		033F8747256D8991008DE77B /* XCRemoteSwiftPackageReference "Alamofire" */ = {
			isa = XCRemoteSwiftPackageReference;
			repositoryURL = "https://github.com/Alamofire/Alamofire.git";
			requirement = {
				kind = upToNextMajorVersion;
				minimumVersion = 5.4.0;
			};
		};
/* End XCRemoteSwiftPackageReference section */

/* Begin XCSwiftPackageProductDependency section */
		033F8748256D8991008DE77B /* Alamofire */ = {
			isa = XCSwiftPackageProductDependency;
			package = 033F8747256D8991008DE77B /* XCRemoteSwiftPackageReference "Alamofire" */;
			productName = Alamofire;
		};
/* End XCSwiftPackageProductDependency section */
	};
	rootObject = 033F872B256D8003008DE77B /* Project object */;
}
